
Microsoft Visual Studio Solution File, Format Version 12.00
# Visual Studio Version 17
VisualStudioVersion = 17.6.33723.286
MinimumVisualStudioVersion = 10.0.40219.1
Project("{FAE04EC0-301F-11D3-BF4B-00C04F79EFBC}") = "JpLayoutFixer", "JpLayoutFixer\JpLayoutFixer.csproj", "{CEFD1819-1935-4D1B-B5B6-D0BA28B2BF33}"
EndProject
Global
	GlobalSection(SolutionConfigurationPlatforms) = preSolution
		Debug|Any CPU = Debug|Any CPU
		Release|Any CPU = Release|Any CPU
	EndGlobalSection
	GlobalSection(ProjectConfigurationPlatforms) = postSolution
		{CEFD1819-1935-4D1B-B5B6-D0BA28B2BF33}.Debug|Any CPU.ActiveCfg = Debug|Any CPU
		{CEFD1819-1935-4D1B-B5B6-D0BA28B2BF33}.Debug|Any CPU.Build.0 = Debug|Any CPU
		{CEFD1819-1935-4D1B-B5B6-D0BA28B2BF33}.Release|Any CPU.ActiveCfg = Release|Any CPU
		{CEFD1819-1935-4D1B-B5B6-D0BA28B2BF33}.Release|Any CPU.Build.0 = Release|Any CPU
	EndGlobalSection
	GlobalSection(SolutionProperties) = preSolution
		HideSolutionNode = FALSE
	EndGlobalSection
	GlobalSection(ExtensibilityGlobals) = postSolution
		SolutionGuid = {C85D6D13-AB5A-444B-8D30-FEBEEBDA3C95}
	EndGlobalSection
EndGlobal
